
Microsoft Visual Studio Solution File, Format Version 12.00
# Visual Studio Version 16
VisualStudioVersion = 16.0.31402.337
MinimumVisualStudioVersion = 10.0.40219.1
Project("{FAE04EC0-301F-11D3-BF4B-00C04F79EFBC}") = "WindowsFormsApp1sms", "WindowsFormsApp1sms\WindowsFormsApp1sms.csproj", "{AA901473-1A3F-4468-8675-E85669BBC34C}"
EndProject
Global
	GlobalSection(SolutionConfigurationPlatforms) = preSolution
		Debug|Any CPU = Debug|Any CPU
		Release|Any CPU = Release|Any CPU
	EndGlobalSection
	GlobalSection(ProjectConfigurationPlatforms) = postSolution
		{AA901473-1A3F-4468-8675-E85669BBC34C}.Debug|Any CPU.ActiveCfg = Debug|Any CPU
		{AA901473-1A3F-4468-8675-E85669BBC34C}.Debug|Any CPU.Build.0 = Debug|Any CPU
		{AA901473-1A3F-4468-8675-E85669BBC34C}.Release|Any CPU.ActiveCfg = Release|Any CPU
		{AA901473-1A3F-4468-8675-E85669BBC34C}.Release|Any CPU.Build.0 = Release|Any CPU
	EndGlobalSection
	GlobalSection(SolutionProperties) = preSolution
		HideSolutionNode = FALSE
	EndGlobalSection
	GlobalSection(ExtensibilityGlobals) = postSolution
		SolutionGuid = {D078C19B-B060-4E43-A26E-C9681C0B67C6}
	EndGlobalSection
EndGlobal
